
Microsoft Visual Studio Solution File, Format Version 12.00
# Visual Studio Version 17
VisualStudioVersion = 17.4.33213.308
MinimumVisualStudioVersion = 10.0.40219.1
Project("{FAE04EC0-301F-11D3-BF4B-00C04F79EFBC}") = "LLC. Dishes", "LLC. Dishes\LLC. Dishes.csproj", "{73E7CF3F-D950-4056-8CF4-A9D0914EF21B}"
EndProject
Global
	GlobalSection(SolutionConfigurationPlatforms) = preSolution
		Debug|Any CPU = Debug|Any CPU
		Release|Any CPU = Release|Any CPU
	EndGlobalSection
	GlobalSection(ProjectConfigurationPlatforms) = postSolution
		{73E7CF3F-D950-4056-8CF4-A9D0914EF21B}.Debug|Any CPU.ActiveCfg = Debug|Any CPU
		{73E7CF3F-D950-4056-8CF4-A9D0914EF21B}.Debug|Any CPU.Build.0 = Debug|Any CPU
		{73E7CF3F-D950-4056-8CF4-A9D0914EF21B}.Release|Any CPU.ActiveCfg = Release|Any CPU
		{73E7CF3F-D950-4056-8CF4-A9D0914EF21B}.Release|Any CPU.Build.0 = Release|Any CPU
	EndGlobalSection
	GlobalSection(SolutionProperties) = preSolution
		HideSolutionNode = FALSE
	EndGlobalSection
	GlobalSection(ExtensibilityGlobals) = postSolution
		SolutionGuid = {75E3BF8B-7D93-47C4-BB87-BC3CA91BF06A}
	EndGlobalSection
EndGlobal
